// !$*UTF8*$!
{
	archiveVersion = 1;
	classes = {
	};
	objectVersion = 50;
	objects = {

/* Begin PBXBuildFile section */
		44D850BE269ED705000CB19D /* AppDelegate.swift in Sources */ = {isa = PBXBuildFile; fileRef = 44D850BD269ED705000CB19D /* AppDelegate.swift */; };
		44D850C0269ED705000CB19D /* SceneDelegate.swift in Sources */ = {isa = PBXBuildFile; fileRef = 44D850BF269ED705000CB19D /* SceneDelegate.swift */; };
		44D850C2269ED705000CB19D /* ViewController.swift in Sources */ = {isa = PBXBuildFile; fileRef = 44D850C1269ED705000CB19D /* ViewController.swift */; };
		44D850C5269ED705000CB19D /* Main.storyboard in Resources */ = {isa = PBXBuildFile; fileRef = 44D850C3269ED705000CB19D /* Main.storyboard */; };
		44D850C7269ED70B000CB19D /* Assets.xcassets in Resources */ = {isa = PBXBuildFile; fileRef = 44D850C6269ED70B000CB19D /* Assets.xcassets */; };
		44D850CA269ED70B000CB19D /* LaunchScreen.storyboard in Resources */ = {isa = PBXBuildFile; fileRef = 44D850C8269ED70B000CB19D /* LaunchScreen.storyboard */; };
		44F3D4AF26AFFE7000616638 /* ViewControllerModal1.swift in Sources */ = {isa = PBXBuildFile; fileRef = 44F3D4AE26AFFE7000616638 /* ViewControllerModal1.swift */; };
/* End PBXBuildFile section */

/* Begin PBXFileReference section */
		44D850BA269ED705000CB19D /* cookieCrusher.app */ = {isa = PBXFileReference; explicitFileType = wrapper.application; includeInIndex = 0; path = cookieCrusher.app; sourceTree = BUILT_PRODUCTS_DIR; };
		44D850BD269ED705000CB19D /* AppDelegate.swift */ = {isa = PBXFileReference; lastKnownFileType = sourcecode.swift; path = AppDelegate.swift; sourceTree = "<group>"; };
		44D850BF269ED705000CB19D /* SceneDelegate.swift */ = {isa = PBXFileReference; lastKnownFileType = sourcecode.swift; path = SceneDelegate.swift; sourceTree = "<group>"; };
		44D850C1269ED705000CB19D /* ViewController.swift */ = {isa = PBXFileReference; lastKnownFileType = sourcecode.swift; path = ViewController.swift; sourceTree = "<group>"; };
		44D850C4269ED705000CB19D /* Base */ = {isa = PBXFileReference; lastKnownFileType = file.storyboard; name = Base; path = Base.lproj/Main.storyboard; sourceTree = "<group>"; };
		44D850C6269ED70B000CB19D /* Assets.xcassets */ = {isa = PBXFileReference; lastKnownFileType = folder.assetcatalog; path = Assets.xcassets; sourceTree = "<group>"; };
		44D850C9269ED70B000CB19D /* Base */ = {isa = PBXFileReference; lastKnownFileType = file.storyboard; name = Base; path = Base.lproj/LaunchScreen.storyboard; sourceTree = "<group>"; };
		44D850CB269ED70B000CB19D /* Info.plist */ = {isa = PBXFileReference; lastKnownFileType = text.plist.xml; path = Info.plist; sourceTree = "<group>"; };
		44F3D4AE26AFFE7000616638 /* ViewControllerModal1.swift */ = {isa = PBXFileReference; fileEncoding = 4; lastKnownFileType = sourcecode.swift; path = ViewControllerModal1.swift; sourceTree = "<group>"; };
/* End PBXFileReference section */

/* Begin PBXFrameworksBuildPhase section */
		44D850B7269ED705000CB19D /* Frameworks */ = {
			isa = PBXFrameworksBuildPhase;
			buildActionMask = 2147483647;
			files = (
			);
			runOnlyForDeploymentPostprocessing = 0;
		};
/* End PBXFrameworksBuildPhase section */

/* Begin PBXGroup section */
		44D850B1269ED705000CB19D = {
			isa = PBXGroup;
			children = (
				44D850BC269ED705000CB19D /* cookieCrusher */,
				44D850BB269ED705000CB19D /* Products */,
			);
			sourceTree = "<group>";
		};
		44D850BB269ED705000CB19D /* Products */ = {
			isa = PBXGroup;
			children = (
				44D850BA269ED705000CB19D /* cookieCrusher.app */,
			);
			name = Products;
			sourceTree = "<group>";
		};
		44D850BC269ED705000CB19D /* cookieCrusher */ = {
			isa = PBXGroup;
			children = (
				44D850BD269ED705000CB19D /* AppDelegate.swift */,
				44D850BF269ED705000CB19D /* SceneDelegate.swift */,
				44D850C1269ED705000CB19D /* ViewController.swift */,
				44D850C3269ED705000CB19D /* Main.storyboard */,
				44D850C6269ED70B000CB19D /* Assets.xcassets */,
				44D850C8269ED70B000CB19D /* LaunchScreen.storyboard */,
				44D850CB269ED70B000CB19D /* Info.plist */,
				44F3D4AE26AFFE7000616638 /* ViewControllerModal1.swift */,
			);
			path = cookieCrusher;
			sourceTree = "<group>";
		};
/* End PBXGroup section */

/* Begin PBXNativeTarget section */
		44D850B9269ED705000CB19D /* cookieCrusher */ = {
			isa = PBXNativeTarget;
			buildConfigurationList = 44D850CE269ED70B000CB19D /* Build configuration list for PBXNativeTarget "cookieCrusher" */;
			buildPhases = (
				44D850B6269ED705000CB19D /* Sources */,
				44D850B7269ED705000CB19D /* Frameworks */,
				44D850B8269ED705000CB19D /* Resources */,
			);
			buildRules = (
			);
			dependencies = (
			);
			name = cookieCrusher;
			productName = cookieCrusher;
			productReference = 44D850BA269ED705000CB19D /* cookieCrusher.app */;
			productType = "com.apple.product-type.application";
		};
/* End PBXNativeTarget section */

/* Begin PBXProject section */
		44D850B2269ED705000CB19D /* Project object */ = {
			isa = PBXProject;
			attributes = {
				LastSwiftUpdateCheck = 1160;
				LastUpgradeCheck = 1160;
				ORGANIZATIONNAME = kashiharaLab;
				TargetAttributes = {
					44D850B9269ED705000CB19D = {
						CreatedOnToolsVersion = 11.6;
					};
				};
			};
			buildConfigurationList = 44D850B5269ED705000CB19D /* Build configuration list for PBXProject "cookieCrusher" */;
			compatibilityVersion = "Xcode 9.3";
			developmentRegion = en;
			hasScannedForEncodings = 0;
			knownRegions = (
				en,
				Base,
			);
			mainGroup = 44D850B1269ED705000CB19D;
			productRefGroup = 44D850BB269ED705000CB19D /* Products */;
			projectDirPath = "";
			projectRoot = "";
			targets = (
				44D850B9269ED705000CB19D /* cookieCrusher */,
			);
		};
/* End PBXProject section */

/* Begin PBXResourcesBuildPhase section */
		44D850B8269ED705000CB19D /* Resources */ = {
			isa = PBXResourcesBuildPhase;
			buildActionMask = 2147483647;
			files = (
				44D850CA269ED70B000CB19D /* LaunchScreen.storyboard in Resources */,
				44D850C7269ED70B000CB19D /* Assets.xcassets in Resources */,
				44D850C5269ED705000CB19D /* Main.storyboard in Resources */,
			);
			runOnlyForDeploymentPostprocessing = 0;
		};
/* End PBXResourcesBuildPhase section */

/* Begin PBXSourcesBuildPhase section */
		44D850B6269ED705000CB19D /* Sources */ = {
			isa = PBXSourcesBuildPhase;
			buildActionMask = 2147483647;
			files = (
				44D850C2269ED705000CB19D /* ViewController.swift in Sources */,
				44D850BE269ED705000CB19D /* AppDelegate.swift in Sources */,
				44F3D4AF26AFFE7000616638 /* ViewControllerModal1.swift in Sources */,
				44D850C0269ED705000CB19D /* SceneDelegate.swift in Sources */,
			);
			runOnlyForDeploymentPostprocessing = 0;
		};
/* End PBXSourcesBuildPhase section */

/* Begin PBXVariantGroup section */
		44D850C3269ED705000CB19D /* Main.storyboard */ = {
			isa = PBXVariantGroup;
			children = (
				44D850C4269ED705000CB19D /* Base */,
			);
			name = Main.storyboard;
			sourceTree = "<group>";
		};
		44D850C8269ED70B000CB19D /* LaunchScreen.storyboard */ = {
			isa = PBXVariantGroup;
			children = (
				44D850C9269ED70B000CB19D /* Base */,
			);
			name = LaunchScreen.storyboard;
			sourceTree = "<group>";
		};
/* End PBXVariantGroup section */

/* Begin XCBuildConfiguration section */
		44D850CC269ED70B000CB19D /* Debug */ = {
			isa = XCBuildConfiguration;
			buildSettings = {
				ALWAYS_SEARCH_USER_PATHS = NO;
				CLANG_ANALYZER_NONNULL = YES;
				CLANG_ANALYZER_NUMBER_OBJECT_CONVERSION = YES_AGGRESSIVE;
				CLANG_CXX_LANGUAGE_STANDARD = "gnu++14";
				CLANG_CXX_LIBRARY = "libc++";
				CLANG_ENABLE_MODULES = YES;
				CLANG_ENABLE_OBJC_ARC = YES;
				CLANG_ENABLE_OBJC_WEAK = YES;
				CLANG_WARN_BLOCK_CAPTURE_AUTORELEASING = YES;
				CLANG_WARN_BOOL_CONVERSION = YES;
				CLANG_WARN_COMMA = YES;
				CLANG_WARN_CONSTANT_CONVERSION = YES;
				CLANG_WARN_DEPRECATED_OBJC_IMPLEMENTATIONS = YES;
				CLANG_WARN_DIRECT_OBJC_ISA_USAGE = YES_ERROR;
				CLANG_WARN_DOCUMENTATION_COMMENTS = YES;
				CLANG_WARN_EMPTY_BODY = YES;
				CLANG_WARN_ENUM_CONVERSION = YES;
				CLANG_WARN_INFINITE_RECURSION = YES;
				CLANG_WARN_INT_CONVERSION = YES;
				CLANG_WARN_NON_LITERAL_NULL_CONVERSION = YES;
				CLANG_WARN_OBJC_IMPLICIT_RETAIN_SELF = YES;
				CLANG_WARN_OBJC_LITERAL_CONVERSION = YES;
				CLANG_WARN_OBJC_ROOT_CLASS = YES_ERROR;
				CLANG_WARN_RANGE_LOOP_ANALYSIS = YES;
				CLANG_WARN_STRICT_PROTOTYPES = YES;
				CLANG_WARN_SUSPICIOUS_MOVE = YES;
				CLANG_WARN_UNGUARDED_AVAILABILITY = YES_AGGRESSIVE;
				CLANG_WARN_UNREACHABLE_CODE = YES;
				CLANG_WARN__DUPLICATE_METHOD_MATCH = YES;
				COPY_PHASE_STRIP = NO;
				DEBUG_INFORMATION_FORMAT = dwarf;
				ENABLE_STRICT_OBJC_MSGSEND = YES;
				ENABLE_TESTABILITY = YES;
				GCC_C_LANGUAGE_STANDARD = gnu11;
				GCC_DYNAMIC_NO_PIC = NO;
				GCC_NO_COMMON_BLOCKS = YES;
				GCC_OPTIMIZATION_LEVEL = 0;
				GCC_PREPROCESSOR_DEFINITIONS = (
					"DEBUG=1",
					"$(inherited)",
				);
				GCC_WARN_64_TO_32_BIT_CONVERSION = YES;
				GCC_WARN_ABOUT_RETURN_TYPE = YES_ERROR;
				GCC_WARN_UNDECLARED_SELECTOR = YES;
				GCC_WARN_UNINITIALIZED_AUTOS = YES_AGGRESSIVE;
				GCC_WARN_UNUSED_FUNCTION = YES;
				GCC_WARN_UNUSED_VARIABLE = YES;
				IPHONEOS_DEPLOYMENT_TARGET = 13.6;
				MTL_ENABLE_DEBUG_INFO = INCLUDE_SOURCE;
				MTL_FAST_MATH = YES;
				ONLY_ACTIVE_ARCH = YES;
				SDKROOT = iphoneos;
				SWIFT_ACTIVE_COMPILATION_CONDITIONS = DEBUG;
				SWIFT_OPTIMIZATION_LEVEL = "-Onone";
			};
			name = Debug;
		};
		44D850CD269ED70B000CB19D /* Release */ = {
			isa = XCBuildConfiguration;
			buildSettings = {
				ALWAYS_SEARCH_USER_PATHS = NO;
				CLANG_ANALYZER_NONNULL = YES;
				CLANG_ANALYZER_NUMBER_OBJECT_CONVERSION = YES_AGGRESSIVE;
				CLANG_CXX_LANGUAGE_STANDARD = "gnu++14";
				CLANG_CXX_LIBRARY = "libc++";
				CLANG_ENABLE_MODULES = YES;
				CLANG_ENABLE_OBJC_ARC = YES;
				CLANG_ENABLE_OBJC_WEAK = YES;
				CLANG_WARN_BLOCK_CAPTURE_AUTORELEASING = YES;
				CLANG_WARN_BOOL_CONVERSION = YES;
				CLANG_WARN_COMMA = YES;
				CLANG_WARN_CONSTANT_CONVERSION = YES;
				CLANG_WARN_DEPRECATED_OBJC_IMPLEMENTATIONS = YES;
				CLANG_WARN_DIRECT_OBJC_ISA_USAGE = YES_ERROR;
				CLANG_WARN_DOCUMENTATION_COMMENTS = YES;
				CLANG_WARN_EMPTY_BODY = YES;
				CLANG_WARN_ENUM_CONVERSION = YES;
				CLANG_WARN_INFINITE_RECURSION = YES;
				CLANG_WARN_INT_CONVERSION = YES;
				CLANG_WARN_NON_LITERAL_NULL_CONVERSION = YES;
				CLANG_WARN_OBJC_IMPLICIT_RETAIN_SELF = YES;
				CLANG_WARN_OBJC_LITERAL_CONVERSION = YES;
				CLANG_WARN_OBJC_ROOT_CLASS = YES_ERROR;
				CLANG_WARN_RANGE_LOOP_ANALYSIS = YES;
				CLANG_WARN_STRICT_PROTOTYPES = YES;
				CLANG_WARN_SUSPICIOUS_MOVE = YES;
				CLANG_WARN_UNGUARDED_AVAILABILITY = YES_AGGRESSIVE;
				CLANG_WARN_UNREACHABLE_CODE = YES;
				CLANG_WARN__DUPLICATE_METHOD_MATCH = YES;
				COPY_PHASE_STRIP = NO;
				DEBUG_INFORMATION_FORMAT = "dwarf-with-dsym";
				ENABLE_NS_ASSERTIONS = NO;
				ENABLE_STRICT_OBJC_MSGSEND = YES;
				GCC_C_LANGUAGE_STANDARD = gnu11;
				GCC_NO_COMMON_BLOCKS = YES;
				GCC_WARN_64_TO_32_BIT_CONVERSION = YES;
				GCC_WARN_ABOUT_RETURN_TYPE = YES_ERROR;
				GCC_WARN_UNDECLARED_SELECTOR = YES;
				GCC_WARN_UNINITIALIZED_AUTOS = YES_AGGRESSIVE;
				GCC_WARN_UNUSED_FUNCTION = YES;
				GCC_WARN_UNUSED_VARIABLE = YES;
				IPHONEOS_DEPLOYMENT_TARGET = 13.6;
				MTL_ENABLE_DEBUG_INFO = NO;
				MTL_FAST_MATH = YES;
				SDKROOT = iphoneos;
				SWIFT_COMPILATION_MODE = wholemodule;
				SWIFT_OPTIMIZATION_LEVEL = "-O";
				VALIDATE_PRODUCT = YES;
			};
			name = Release;
		};
		44D850CF269ED70B000CB19D /* Debug */ = {
			isa = XCBuildConfiguration;
			buildSettings = {
				ASSETCATALOG_COMPILER_APPICON_NAME = AppIcon;
				CODE_SIGN_STYLE = Automatic;
				DEVELOPMENT_TEAM = GY98QD5V5G;
				INFOPLIST_FILE = cookieCrusher/Info.plist;
				LD_RUNPATH_SEARCH_PATHS = (
					"$(inherited)",
					"@executable_path/Frameworks",
				);
				PRODUCT_BUNDLE_IDENTIFIER = com.kashiharaLab.cookieCrusher;
				PRODUCT_NAME = "$(TARGET_NAME)";
				SWIFT_VERSION = 5.0;
				TARGETED_DEVICE_FAMILY = "1,2";
			};
			name = Debug;
		};
		44D850D0269ED70B000CB19D /* Release */ = {
			isa = XCBuildConfiguration;
			buildSettings = {
				ASSETCATALOG_COMPILER_APPICON_NAME = AppIcon;
				CODE_SIGN_STYLE = Automatic;
				DEVELOPMENT_TEAM = GY98QD5V5G;
				INFOPLIST_FILE = cookieCrusher/Info.plist;
				LD_RUNPATH_SEARCH_PATHS = (
					"$(inherited)",
					"@executable_path/Frameworks",
				);
				PRODUCT_BUNDLE_IDENTIFIER = com.kashiharaLab.cookieCrusher;
				PRODUCT_NAME = "$(TARGET_NAME)";
				SWIFT_VERSION = 5.0;
				TARGETED_DEVICE_FAMILY = "1,2";
			};
			name = Release;
		};
/* End XCBuildConfiguration section */

/* Begin XCConfigurationList section */
		44D850B5269ED705000CB19D /* Build configuration list for PBXProject "cookieCrusher" */ = {
			isa = XCConfigurationList;
			buildConfigurations = (
				44D850CC269ED70B000CB19D /* Debug */,
				44D850CD269ED70B000CB19D /* Release */,
			);
			defaultConfigurationIsVisible = 0;
			defaultConfigurationName = Release;
		};
		44D850CE269ED70B000CB19D /* Build configuration list for PBXNativeTarget "cookieCrusher" */ = {
			isa = XCConfigurationList;
			buildConfigurations = (
				44D850CF269ED70B000CB19D /* Debug */,
				44D850D0269ED70B000CB19D /* Release */,
			);
			defaultConfigurationIsVisible = 0;
			defaultConfigurationName = Release;
		};
/* End XCConfigurationList section */
	};
	rootObject = 44D850B2269ED705000CB19D /* Project object */;
}
